
Microsoft Visual Studio Solution File, Format Version 12.00
# Visual Studio Version 17
VisualStudioVersion = 17.1.31911.260
MinimumVisualStudioVersion = 10.0.40219.1
Project("{FAE04EC0-301F-11D3-BF4B-00C04F79EFBC}") = "Auction.API", "Auction.API\Auction.API.csproj", "{5B041899-8CD2-434D-B612-ADCE4D8857A1}"
EndProject
Project("{FAE04EC0-301F-11D3-BF4B-00C04F79EFBC}") = "Auction.DAL", "Auction.DAL\Auction.DAL.csproj", "{CF588295-08BA-4F7C-8862-E107AE343308}"
EndProject
Project("{FAE04EC0-301F-11D3-BF4B-00C04F79EFBC}") = "Auction.BLL", "Auction.BLL\Auction.BLL.csproj", "{3D543127-16D8-490C-94CE-816F8BBF99BE}"
EndProject
Global
	GlobalSection(SolutionConfigurationPlatforms) = preSolution
		Debug|Any CPU = Debug|Any CPU
		Release|Any CPU = Release|Any CPU
	EndGlobalSection
	GlobalSection(ProjectConfigurationPlatforms) = postSolution
		{5B041899-8CD2-434D-B612-ADCE4D8857A1}.Debug|Any CPU.ActiveCfg = Debug|Any CPU
		{5B041899-8CD2-434D-B612-ADCE4D8857A1}.Debug|Any CPU.Build.0 = Debug|Any CPU
		{5B041899-8CD2-434D-B612-ADCE4D8857A1}.Release|Any CPU.ActiveCfg = Release|Any CPU
		{5B041899-8CD2-434D-B612-ADCE4D8857A1}.Release|Any CPU.Build.0 = Release|Any CPU
		{CF588295-08BA-4F7C-8862-E107AE343308}.Debug|Any CPU.ActiveCfg = Debug|Any CPU
		{CF588295-08BA-4F7C-8862-E107AE343308}.Debug|Any CPU.Build.0 = Debug|Any CPU
		{CF588295-08BA-4F7C-8862-E107AE343308}.Release|Any CPU.ActiveCfg = Release|Any CPU
		{CF588295-08BA-4F7C-8862-E107AE343308}.Release|Any CPU.Build.0 = Release|Any CPU
		{3D543127-16D8-490C-94CE-816F8BBF99BE}.Debug|Any CPU.ActiveCfg = Debug|Any CPU
		{3D543127-16D8-490C-94CE-816F8BBF99BE}.Debug|Any CPU.Build.0 = Debug|Any CPU
		{3D543127-16D8-490C-94CE-816F8BBF99BE}.Release|Any CPU.ActiveCfg = Release|Any CPU
		{3D543127-16D8-490C-94CE-816F8BBF99BE}.Release|Any CPU.Build.0 = Release|Any CPU
	EndGlobalSection
	GlobalSection(SolutionProperties) = preSolution
		HideSolutionNode = FALSE
	EndGlobalSection
	GlobalSection(ExtensibilityGlobals) = postSolution
		SolutionGuid = {F4F524C5-5F95-468B-8B68-D6385BB5D87B}
	EndGlobalSection
EndGlobal
